
Microsoft Visual Studio Solution File, Format Version 12.00
# Visual Studio Version 17
VisualStudioVersion = 17.1.32414.318
MinimumVisualStudioVersion = 10.0.40219.1
Project("{FAE04EC0-301F-11D3-BF4B-00C04F79EFBC}") = "CapaPresentacion", "CapaPresentacion.csproj", "{CA409076-3444-4107-8A35-2A86AB92DEB6}"
EndProject
Project("{FAE04EC0-301F-11D3-BF4B-00C04F79EFBC}") = "CapaDatos", "..\CapaDatos\CapaDatos.csproj", "{4DBA9FB3-D2CF-4BEF-AA59-66CD9E73F741}"
EndProject
Project("{FAE04EC0-301F-11D3-BF4B-00C04F79EFBC}") = "CapaLogica", "..\CapaLogica\CapaLogica.csproj", "{05654974-A352-48AE-91AF-86599ABFFCCF}"
EndProject
Project("{FAE04EC0-301F-11D3-BF4B-00C04F79EFBC}") = "CapaEntidad", "..\CapaEntidad\CapaEntidad.csproj", "{D0A274B8-EB7B-43E0-8FAB-FDF7C099B2FA}"
EndProject
Project("{FAE04EC0-301F-11D3-BF4B-00C04F79EFBC}") = "CapaPruebas", "..\CapaPruebas\CapaPruebas.csproj", "{5334464B-8F86-435E-9CFD-A62BD3D8E3A7}"
EndProject
Global
	GlobalSection(SolutionConfigurationPlatforms) = preSolution
		Debug|Any CPU = Debug|Any CPU
		Release|Any CPU = Release|Any CPU
	EndGlobalSection
	GlobalSection(ProjectConfigurationPlatforms) = postSolution
		{CA409076-3444-4107-8A35-2A86AB92DEB6}.Debug|Any CPU.ActiveCfg = Debug|Any CPU
		{CA409076-3444-4107-8A35-2A86AB92DEB6}.Debug|Any CPU.Build.0 = Debug|Any CPU
		{CA409076-3444-4107-8A35-2A86AB92DEB6}.Release|Any CPU.ActiveCfg = Release|Any CPU
		{CA409076-3444-4107-8A35-2A86AB92DEB6}.Release|Any CPU.Build.0 = Release|Any CPU
		{4DBA9FB3-D2CF-4BEF-AA59-66CD9E73F741}.Debug|Any CPU.ActiveCfg = Debug|Any CPU
		{4DBA9FB3-D2CF-4BEF-AA59-66CD9E73F741}.Debug|Any CPU.Build.0 = Debug|Any CPU
		{4DBA9FB3-D2CF-4BEF-AA59-66CD9E73F741}.Release|Any CPU.ActiveCfg = Release|Any CPU
		{4DBA9FB3-D2CF-4BEF-AA59-66CD9E73F741}.Release|Any CPU.Build.0 = Release|Any CPU
		{05654974-A352-48AE-91AF-86599ABFFCCF}.Debug|Any CPU.ActiveCfg = Debug|Any CPU
		{05654974-A352-48AE-91AF-86599ABFFCCF}.Debug|Any CPU.Build.0 = Debug|Any CPU
		{05654974-A352-48AE-91AF-86599ABFFCCF}.Release|Any CPU.ActiveCfg = Release|Any CPU
		{05654974-A352-48AE-91AF-86599ABFFCCF}.Release|Any CPU.Build.0 = Release|Any CPU
		{D0A274B8-EB7B-43E0-8FAB-FDF7C099B2FA}.Debug|Any CPU.ActiveCfg = Debug|Any CPU
		{D0A274B8-EB7B-43E0-8FAB-FDF7C099B2FA}.Debug|Any CPU.Build.0 = Debug|Any CPU
		{D0A274B8-EB7B-43E0-8FAB-FDF7C099B2FA}.Release|Any CPU.ActiveCfg = Release|Any CPU
		{D0A274B8-EB7B-43E0-8FAB-FDF7C099B2FA}.Release|Any CPU.Build.0 = Release|Any CPU
		{5334464B-8F86-435E-9CFD-A62BD3D8E3A7}.Debug|Any CPU.ActiveCfg = Debug|Any CPU
		{5334464B-8F86-435E-9CFD-A62BD3D8E3A7}.Debug|Any CPU.Build.0 = Debug|Any CPU
		{5334464B-8F86-435E-9CFD-A62BD3D8E3A7}.Release|Any CPU.ActiveCfg = Release|Any CPU
		{5334464B-8F86-435E-9CFD-A62BD3D8E3A7}.Release|Any CPU.Build.0 = Release|Any CPU
	EndGlobalSection
	GlobalSection(SolutionProperties) = preSolution
		HideSolutionNode = FALSE
	EndGlobalSection
	GlobalSection(ExtensibilityGlobals) = postSolution
		SolutionGuid = {99A5EBBE-DB93-456F-8C26-39062FB60236}
	EndGlobalSection
EndGlobal
